// !$*UTF8*$!
{
	archiveVersion = 1;
	classes = {
	};
	objectVersion = 46;
	objects = {

/* Begin PBXBuildFile section */
		44546E591BF56F2B005087C6 /* main.m in Sources */ = {isa = PBXBuildFile; fileRef = 44546E581BF56F2B005087C6 /* main.m */; };
		44546E5C1BF56F2B005087C6 /* AppDelegate.m in Sources */ = {isa = PBXBuildFile; fileRef = 44546E5B1BF56F2B005087C6 /* AppDelegate.m */; };
		44546E5F1BF56F2B005087C6 /* ViewController.m in Sources */ = {isa = PBXBuildFile; fileRef = 44546E5E1BF56F2B005087C6 /* ViewController.m */; };
		44546E621BF56F2B005087C6 /* Main.storyboard in Resources */ = {isa = PBXBuildFile; fileRef = 44546E601BF56F2B005087C6 /* Main.storyboard */; };
		44546E641BF56F2B005087C6 /* Assets.xcassets in Resources */ = {isa = PBXBuildFile; fileRef = 44546E631BF56F2B005087C6 /* Assets.xcassets */; };
		44546E671BF56F2B005087C6 /* LaunchScreen.storyboard in Resources */ = {isa = PBXBuildFile; fileRef = 44546E651BF56F2B005087C6 /* LaunchScreen.storyboard */; };
		44546E721BF56F2B005087C6 /* _9______blockTests.m in Sources */ = {isa = PBXBuildFile; fileRef = 44546E711BF56F2B005087C6 /* _9______blockTests.m */; };
		44546E7D1BF56F2B005087C6 /* _9______blockUITests.m in Sources */ = {isa = PBXBuildFile; fileRef = 44546E7C1BF56F2B005087C6 /* _9______blockUITests.m */; };
		44546E8C1BF56FDC005087C6 /* NextViewController.m in Sources */ = {isa = PBXBuildFile; fileRef = 44546E8B1BF56FDC005087C6 /* NextViewController.m */; settings = {ASSET_TAGS = (); }; };
/* End PBXBuildFile section */

/* Begin PBXContainerItemProxy section */
		44546E6E1BF56F2B005087C6 /* PBXContainerItemProxy */ = {
			isa = PBXContainerItemProxy;
			containerPortal = 44546E4C1BF56F2A005087C6 /* Project object */;
			proxyType = 1;
			remoteGlobalIDString = 44546E531BF56F2A005087C6;
			remoteInfo = "09-冒泡排序和block";
		};
		44546E791BF56F2B005087C6 /* PBXContainerItemProxy */ = {
			isa = PBXContainerItemProxy;
			containerPortal = 44546E4C1BF56F2A005087C6 /* Project object */;
			proxyType = 1;
			remoteGlobalIDString = 44546E531BF56F2A005087C6;
			remoteInfo = "09-冒泡排序和block";
		};
/* End PBXContainerItemProxy section */

/* Begin PBXFileReference section */
		44546E541BF56F2B005087C6 /* 09-冒泡排序和block.app */ = {isa = PBXFileReference; explicitFileType = wrapper.application; includeInIndex = 0; path = "09-冒泡排序和block.app"; sourceTree = BUILT_PRODUCTS_DIR; };
		44546E581BF56F2B005087C6 /* main.m */ = {isa = PBXFileReference; lastKnownFileType = sourcecode.c.objc; path = main.m; sourceTree = "<group>"; };
		44546E5A1BF56F2B005087C6 /* AppDelegate.h */ = {isa = PBXFileReference; lastKnownFileType = sourcecode.c.h; path = AppDelegate.h; sourceTree = "<group>"; };
		44546E5B1BF56F2B005087C6 /* AppDelegate.m */ = {isa = PBXFileReference; lastKnownFileType = sourcecode.c.objc; path = AppDelegate.m; sourceTree = "<group>"; };
		44546E5D1BF56F2B005087C6 /* ViewController.h */ = {isa = PBXFileReference; lastKnownFileType = sourcecode.c.h; path = ViewController.h; sourceTree = "<group>"; };
		44546E5E1BF56F2B005087C6 /* ViewController.m */ = {isa = PBXFileReference; lastKnownFileType = sourcecode.c.objc; path = ViewController.m; sourceTree = "<group>"; };
		44546E611BF56F2B005087C6 /* Base */ = {isa = PBXFileReference; lastKnownFileType = file.storyboard; name = Base; path = Base.lproj/Main.storyboard; sourceTree = "<group>"; };
		44546E631BF56F2B005087C6 /* Assets.xcassets */ = {isa = PBXFileReference; lastKnownFileType = folder.assetcatalog; path = Assets.xcassets; sourceTree = "<group>"; };
		44546E661BF56F2B005087C6 /* Base */ = {isa = PBXFileReference; lastKnownFileType = file.storyboard; name = Base; path = Base.lproj/LaunchScreen.storyboard; sourceTree = "<group>"; };
		44546E681BF56F2B005087C6 /* Info.plist */ = {isa = PBXFileReference; lastKnownFileType = text.plist.xml; path = Info.plist; sourceTree = "<group>"; };
		44546E6D1BF56F2B005087C6 /* 09-冒泡排序和blockTests.xctest */ = {isa = PBXFileReference; explicitFileType = wrapper.cfbundle; includeInIndex = 0; path = "09-冒泡排序和blockTests.xctest"; sourceTree = BUILT_PRODUCTS_DIR; };
		44546E711BF56F2B005087C6 /* _9______blockTests.m */ = {isa = PBXFileReference; lastKnownFileType = sourcecode.c.objc; path = "_9______blockTests.m"; sourceTree = "<group>"; };
		44546E731BF56F2B005087C6 /* Info.plist */ = {isa = PBXFileReference; lastKnownFileType = text.plist.xml; path = Info.plist; sourceTree = "<group>"; };
		44546E781BF56F2B005087C6 /* 09-冒泡排序和blockUITests.xctest */ = {isa = PBXFileReference; explicitFileType = wrapper.cfbundle; includeInIndex = 0; path = "09-冒泡排序和blockUITests.xctest"; sourceTree = BUILT_PRODUCTS_DIR; };
		44546E7C1BF56F2B005087C6 /* _9______blockUITests.m */ = {isa = PBXFileReference; lastKnownFileType = sourcecode.c.objc; path = "_9______blockUITests.m"; sourceTree = "<group>"; };
		44546E7E1BF56F2B005087C6 /* Info.plist */ = {isa = PBXFileReference; lastKnownFileType = text.plist.xml; path = Info.plist; sourceTree = "<group>"; };
		44546E8A1BF56FDC005087C6 /* NextViewController.h */ = {isa = PBXFileReference; fileEncoding = 4; lastKnownFileType = sourcecode.c.h; path = NextViewController.h; sourceTree = "<group>"; };
		44546E8B1BF56FDC005087C6 /* NextViewController.m */ = {isa = PBXFileReference; fileEncoding = 4; lastKnownFileType = sourcecode.c.objc; path = NextViewController.m; sourceTree = "<group>"; };
/* End PBXFileReference section */

/* Begin PBXFrameworksBuildPhase section */
		44546E511BF56F2A005087C6 /* Frameworks */ = {
			isa = PBXFrameworksBuildPhase;
			buildActionMask = 2147483647;
			files = (
			);
			runOnlyForDeploymentPostprocessing = 0;
		};
		44546E6A1BF56F2B005087C6 /* Frameworks */ = {
			isa = PBXFrameworksBuildPhase;
			buildActionMask = 2147483647;
			files = (
			);
			runOnlyForDeploymentPostprocessing = 0;
		};
		44546E751BF56F2B005087C6 /* Frameworks */ = {
			isa = PBXFrameworksBuildPhase;
			buildActionMask = 2147483647;
			files = (
			);
			runOnlyForDeploymentPostprocessing = 0;
		};
/* End PBXFrameworksBuildPhase section */

/* Begin PBXGroup section */
		44546E4B1BF56F2A005087C6 = {
			isa = PBXGroup;
			children = (
				44546E561BF56F2B005087C6 /* 09-冒泡排序和block */,
				44546E701BF56F2B005087C6 /* 09-冒泡排序和blockTests */,
				44546E7B1BF56F2B005087C6 /* 09-冒泡排序和blockUITests */,
				44546E551BF56F2B005087C6 /* Products */,
			);
			sourceTree = "<group>";
		};
		44546E551BF56F2B005087C6 /* Products */ = {
			isa = PBXGroup;
			children = (
				44546E541BF56F2B005087C6 /* 09-冒泡排序和block.app */,
				44546E6D1BF56F2B005087C6 /* 09-冒泡排序和blockTests.xctest */,
				44546E781BF56F2B005087C6 /* 09-冒泡排序和blockUITests.xctest */,
			);
			name = Products;
			sourceTree = "<group>";
		};
		44546E561BF56F2B005087C6 /* 09-冒泡排序和block */ = {
			isa = PBXGroup;
			children = (
				44546E5A1BF56F2B005087C6 /* AppDelegate.h */,
				44546E5B1BF56F2B005087C6 /* AppDelegate.m */,
				44546E5D1BF56F2B005087C6 /* ViewController.h */,
				44546E5E1BF56F2B005087C6 /* ViewController.m */,
				44546E601BF56F2B005087C6 /* Main.storyboard */,
				44546E631BF56F2B005087C6 /* Assets.xcassets */,
				44546E651BF56F2B005087C6 /* LaunchScreen.storyboard */,
				44546E681BF56F2B005087C6 /* Info.plist */,
				44546E571BF56F2B005087C6 /* Supporting Files */,
				44546E8A1BF56FDC005087C6 /* NextViewController.h */,
				44546E8B1BF56FDC005087C6 /* NextViewController.m */,
			);
			path = "09-冒泡排序和block";
			sourceTree = "<group>";
		};
		44546E571BF56F2B005087C6 /* Supporting Files */ = {
			isa = PBXGroup;
			children = (
				44546E581BF56F2B005087C6 /* main.m */,
			);
			name = "Supporting Files";
			sourceTree = "<group>";
		};
		44546E701BF56F2B005087C6 /* 09-冒泡排序和blockTests */ = {
			isa = PBXGroup;
			children = (
				44546E711BF56F2B005087C6 /* _9______blockTests.m */,
				44546E731BF56F2B005087C6 /* Info.plist */,
			);
			path = "09-冒泡排序和blockTests";
			sourceTree = "<group>";
		};
		44546E7B1BF56F2B005087C6 /* 09-冒泡排序和blockUITests */ = {
			isa = PBXGroup;
			children = (
				44546E7C1BF56F2B005087C6 /* _9______blockUITests.m */,
				44546E7E1BF56F2B005087C6 /* Info.plist */,
			);
			path = "09-冒泡排序和blockUITests";
			sourceTree = "<group>";
		};
/* End PBXGroup section */

/* Begin PBXNativeTarget section */
		44546E531BF56F2A005087C6 /* 09-冒泡排序和block */ = {
			isa = PBXNativeTarget;
			buildConfigurationList = 44546E811BF56F2B005087C6 /* Build configuration list for PBXNativeTarget "09-冒泡排序和block" */;
			buildPhases = (
				44546E501BF56F2A005087C6 /* Sources */,
				44546E511BF56F2A005087C6 /* Frameworks */,
				44546E521BF56F2A005087C6 /* Resources */,
			);
			buildRules = (
			);
			dependencies = (
			);
			name = "09-冒泡排序和block";
			productName = "09-冒泡排序和block";
			productReference = 44546E541BF56F2B005087C6 /* 09-冒泡排序和block.app */;
			productType = "com.apple.product-type.application";
		};
		44546E6C1BF56F2B005087C6 /* 09-冒泡排序和blockTests */ = {
			isa = PBXNativeTarget;
			buildConfigurationList = 44546E841BF56F2B005087C6 /* Build configuration list for PBXNativeTarget "09-冒泡排序和blockTests" */;
			buildPhases = (
				44546E691BF56F2B005087C6 /* Sources */,
				44546E6A1BF56F2B005087C6 /* Frameworks */,
				44546E6B1BF56F2B005087C6 /* Resources */,
			);
			buildRules = (
			);
			dependencies = (
				44546E6F1BF56F2B005087C6 /* PBXTargetDependency */,
			);
			name = "09-冒泡排序和blockTests";
			productName = "09-冒泡排序和blockTests";
			productReference = 44546E6D1BF56F2B005087C6 /* 09-冒泡排序和blockTests.xctest */;
			productType = "com.apple.product-type.bundle.unit-test";
		};
		44546E771BF56F2B005087C6 /* 09-冒泡排序和blockUITests */ = {
			isa = PBXNativeTarget;
			buildConfigurationList = 44546E871BF56F2B005087C6 /* Build configuration list for PBXNativeTarget "09-冒泡排序和blockUITests" */;
			buildPhases = (
				44546E741BF56F2B005087C6 /* Sources */,
				44546E751BF56F2B005087C6 /* Frameworks */,
				44546E761BF56F2B005087C6 /* Resources */,
			);
			buildRules = (
			);
			dependencies = (
				44546E7A1BF56F2B005087C6 /* PBXTargetDependency */,
			);
			name = "09-冒泡排序和blockUITests";
			productName = "09-冒泡排序和blockUITests";
			productReference = 44546E781BF56F2B005087C6 /* 09-冒泡排序和blockUITests.xctest */;
			productType = "com.apple.product-type.bundle.ui-testing";
		};
/* End PBXNativeTarget section */

/* Begin PBXProject section */
		44546E4C1BF56F2A005087C6 /* Project object */ = {
			isa = PBXProject;
			attributes = {
				LastUpgradeCheck = 0700;
				ORGANIZATIONNAME = "高李军";
				TargetAttributes = {
					44546E531BF56F2A005087C6 = {
						CreatedOnToolsVersion = 7.0.1;
					};
					44546E6C1BF56F2B005087C6 = {
						CreatedOnToolsVersion = 7.0.1;
						TestTargetID = 44546E531BF56F2A005087C6;
					};
					44546E771BF56F2B005087C6 = {
						CreatedOnToolsVersion = 7.0.1;
						TestTargetID = 44546E531BF56F2A005087C6;
					};
				};
			};
			buildConfigurationList = 44546E4F1BF56F2A005087C6 /* Build configuration list for PBXProject "09-冒泡排序和block" */;
			compatibilityVersion = "Xcode 3.2";
			developmentRegion = English;
			hasScannedForEncodings = 0;
			knownRegions = (
				en,
				Base,
			);
			mainGroup = 44546E4B1BF56F2A005087C6;
			productRefGroup = 44546E551BF56F2B005087C6 /* Products */;
			projectDirPath = "";
			projectRoot = "";
			targets = (
				44546E531BF56F2A005087C6 /* 09-冒泡排序和block */,
				44546E6C1BF56F2B005087C6 /* 09-冒泡排序和blockTests */,
				44546E771BF56F2B005087C6 /* 09-冒泡排序和blockUITests */,
			);
		};
/* End PBXProject section */

/* Begin PBXResourcesBuildPhase section */
		44546E521BF56F2A005087C6 /* Resources */ = {
			isa = PBXResourcesBuildPhase;
			buildActionMask = 2147483647;
			files = (
				44546E671BF56F2B005087C6 /* LaunchScreen.storyboard in Resources */,
				44546E641BF56F2B005087C6 /* Assets.xcassets in Resources */,
				44546E621BF56F2B005087C6 /* Main.storyboard in Resources */,
			);
			runOnlyForDeploymentPostprocessing = 0;
		};
		44546E6B1BF56F2B005087C6 /* Resources */ = {
			isa = PBXResourcesBuildPhase;
			buildActionMask = 2147483647;
			files = (
			);
			runOnlyForDeploymentPostprocessing = 0;
		};
		44546E761BF56F2B005087C6 /* Resources */ = {
			isa = PBXResourcesBuildPhase;
			buildActionMask = 2147483647;
			files = (
			);
			runOnlyForDeploymentPostprocessing = 0;
		};
/* End PBXResourcesBuildPhase section */

/* Begin PBXSourcesBuildPhase section */
		44546E501BF56F2A005087C6 /* Sources */ = {
			isa = PBXSourcesBuildPhase;
			buildActionMask = 2147483647;
			files = (
				44546E5F1BF56F2B005087C6 /* ViewController.m in Sources */,
				44546E8C1BF56FDC005087C6 /* NextViewController.m in Sources */,
				44546E5C1BF56F2B005087C6 /* AppDelegate.m in Sources */,
				44546E591BF56F2B005087C6 /* main.m in Sources */,
			);
			runOnlyForDeploymentPostprocessing = 0;
		};
		44546E691BF56F2B005087C6 /* Sources */ = {
			isa = PBXSourcesBuildPhase;
			buildActionMask = 2147483647;
			files = (
				44546E721BF56F2B005087C6 /* _9______blockTests.m in Sources */,
			);
			runOnlyForDeploymentPostprocessing = 0;
		};
		44546E741BF56F2B005087C6 /* Sources */ = {
			isa = PBXSourcesBuildPhase;
			buildActionMask = 2147483647;
			files = (
				44546E7D1BF56F2B005087C6 /* _9______blockUITests.m in Sources */,
			);
			runOnlyForDeploymentPostprocessing = 0;
		};
/* End PBXSourcesBuildPhase section */

/* Begin PBXTargetDependency section */
		44546E6F1BF56F2B005087C6 /* PBXTargetDependency */ = {
			isa = PBXTargetDependency;
			target = 44546E531BF56F2A005087C6 /* 09-冒泡排序和block */;
			targetProxy = 44546E6E1BF56F2B005087C6 /* PBXContainerItemProxy */;
		};
		44546E7A1BF56F2B005087C6 /* PBXTargetDependency */ = {
			isa = PBXTargetDependency;
			target = 44546E531BF56F2A005087C6 /* 09-冒泡排序和block */;
			targetProxy = 44546E791BF56F2B005087C6 /* PBXContainerItemProxy */;
		};
/* End PBXTargetDependency section */

/* Begin PBXVariantGroup section */
		44546E601BF56F2B005087C6 /* Main.storyboard */ = {
			isa = PBXVariantGroup;
			children = (
				44546E611BF56F2B005087C6 /* Base */,
			);
			name = Main.storyboard;
			sourceTree = "<group>";
		};
		44546E651BF56F2B005087C6 /* LaunchScreen.storyboard */ = {
			isa = PBXVariantGroup;
			children = (
				44546E661BF56F2B005087C6 /* Base */,
			);
			name = LaunchScreen.storyboard;
			sourceTree = "<group>";
		};
/* End PBXVariantGroup section */

/* Begin XCBuildConfiguration section */
		44546E7F1BF56F2B005087C6 /* Debug */ = {
			isa = XCBuildConfiguration;
			buildSettings = {
				ALWAYS_SEARCH_USER_PATHS = NO;
				CLANG_CXX_LANGUAGE_STANDARD = "gnu++0x";
				CLANG_CXX_LIBRARY = "libc++";
				CLANG_ENABLE_MODULES = YES;
				CLANG_ENABLE_OBJC_ARC = YES;
				CLANG_WARN_BOOL_CONVERSION = YES;
				CLANG_WARN_CONSTANT_CONVERSION = YES;
				CLANG_WARN_DIRECT_OBJC_ISA_USAGE = YES_ERROR;
				CLANG_WARN_EMPTY_BODY = YES;
				CLANG_WARN_ENUM_CONVERSION = YES;
				CLANG_WARN_INT_CONVERSION = YES;
				CLANG_WARN_OBJC_ROOT_CLASS = YES_ERROR;
				CLANG_WARN_UNREACHABLE_CODE = YES;
				CLANG_WARN__DUPLICATE_METHOD_MATCH = YES;
				"CODE_SIGN_IDENTITY[sdk=iphoneos*]" = "iPhone Developer";
				COPY_PHASE_STRIP = NO;
				DEBUG_INFORMATION_FORMAT = dwarf;
				ENABLE_STRICT_OBJC_MSGSEND = YES;
				ENABLE_TESTABILITY = YES;
				GCC_C_LANGUAGE_STANDARD = gnu99;
				GCC_DYNAMIC_NO_PIC = NO;
				GCC_NO_COMMON_BLOCKS = YES;
				GCC_OPTIMIZATION_LEVEL = 0;
				GCC_PREPROCESSOR_DEFINITIONS = (
					"DEBUG=1",
					"$(inherited)",
				);
				GCC_WARN_64_TO_32_BIT_CONVERSION = YES;
				GCC_WARN_ABOUT_RETURN_TYPE = YES_ERROR;
				GCC_WARN_UNDECLARED_SELECTOR = YES;
				GCC_WARN_UNINITIALIZED_AUTOS = YES_AGGRESSIVE;
				GCC_WARN_UNUSED_FUNCTION = YES;
				GCC_WARN_UNUSED_VARIABLE = YES;
				IPHONEOS_DEPLOYMENT_TARGET = 9.0;
				MTL_ENABLE_DEBUG_INFO = YES;
				ONLY_ACTIVE_ARCH = YES;
				SDKROOT = iphoneos;
			};
			name = Debug;
		};
		44546E801BF56F2B005087C6 /* Release */ = {
			isa = XCBuildConfiguration;
			buildSettings = {
				ALWAYS_SEARCH_USER_PATHS = NO;
				CLANG_CXX_LANGUAGE_STANDARD = "gnu++0x";
				CLANG_CXX_LIBRARY = "libc++";
				CLANG_ENABLE_MODULES = YES;
				CLANG_ENABLE_OBJC_ARC = YES;
				CLANG_WARN_BOOL_CONVERSION = YES;
				CLANG_WARN_CONSTANT_CONVERSION = YES;
				CLANG_WARN_DIRECT_OBJC_ISA_USAGE = YES_ERROR;
				CLANG_WARN_EMPTY_BODY = YES;
				CLANG_WARN_ENUM_CONVERSION = YES;
				CLANG_WARN_INT_CONVERSION = YES;
				CLANG_WARN_OBJC_ROOT_CLASS = YES_ERROR;
				CLANG_WARN_UNREACHABLE_CODE = YES;
				CLANG_WARN__DUPLICATE_METHOD_MATCH = YES;
				"CODE_SIGN_IDENTITY[sdk=iphoneos*]" = "iPhone Developer";
				COPY_PHASE_STRIP = NO;
				DEBUG_INFORMATION_FORMAT = "dwarf-with-dsym";
				ENABLE_NS_ASSERTIONS = NO;
				ENABLE_STRICT_OBJC_MSGSEND = YES;
				GCC_C_LANGUAGE_STANDARD = gnu99;
				GCC_NO_COMMON_BLOCKS = YES;
				GCC_WARN_64_TO_32_BIT_CONVERSION = YES;
				GCC_WARN_ABOUT_RETURN_TYPE = YES_ERROR;
				GCC_WARN_UNDECLARED_SELECTOR = YES;
				GCC_WARN_UNINITIALIZED_AUTOS = YES_AGGRESSIVE;
				GCC_WARN_UNUSED_FUNCTION = YES;
				GCC_WARN_UNUSED_VARIABLE = YES;
				IPHONEOS_DEPLOYMENT_TARGET = 9.0;
				MTL_ENABLE_DEBUG_INFO = NO;
				SDKROOT = iphoneos;
				VALIDATE_PRODUCT = YES;
			};
			name = Release;
		};
		44546E821BF56F2B005087C6 /* Debug */ = {
			isa = XCBuildConfiguration;
			buildSettings = {
				ASSETCATALOG_COMPILER_APPICON_NAME = AppIcon;
				INFOPLIST_FILE = "09-冒泡排序和block/Info.plist";
				LD_RUNPATH_SEARCH_PATHS = "$(inherited) @executable_path/Frameworks";
				PRODUCT_BUNDLE_IDENTIFIER = "com.damai.cn.-9------block";
				PRODUCT_NAME = "$(TARGET_NAME)";
			};
			name = Debug;
		};
		44546E831BF56F2B005087C6 /* Release */ = {
			isa = XCBuildConfiguration;
			buildSettings = {
				ASSETCATALOG_COMPILER_APPICON_NAME = AppIcon;
				INFOPLIST_FILE = "09-冒泡排序和block/Info.plist";
				LD_RUNPATH_SEARCH_PATHS = "$(inherited) @executable_path/Frameworks";
				PRODUCT_BUNDLE_IDENTIFIER = "com.damai.cn.-9------block";
				PRODUCT_NAME = "$(TARGET_NAME)";
			};
			name = Release;
		};
		44546E851BF56F2B005087C6 /* Debug */ = {
			isa = XCBuildConfiguration;
			buildSettings = {
				BUNDLE_LOADER = "$(TEST_HOST)";
				INFOPLIST_FILE = "09-冒泡排序和blockTests/Info.plist";
				LD_RUNPATH_SEARCH_PATHS = "$(inherited) @executable_path/Frameworks @loader_path/Frameworks";
				PRODUCT_BUNDLE_IDENTIFIER = "com.damai.cn.-9------blockTests";
				PRODUCT_NAME = "$(TARGET_NAME)";
				TEST_HOST = "$(BUILT_PRODUCTS_DIR)/09-冒泡排序和block.app/09-冒泡排序和block";
			};
			name = Debug;
		};
		44546E861BF56F2B005087C6 /* Release */ = {
			isa = XCBuildConfiguration;
			buildSettings = {
				BUNDLE_LOADER = "$(TEST_HOST)";
				INFOPLIST_FILE = "09-冒泡排序和blockTests/Info.plist";
				LD_RUNPATH_SEARCH_PATHS = "$(inherited) @executable_path/Frameworks @loader_path/Frameworks";
				PRODUCT_BUNDLE_IDENTIFIER = "com.damai.cn.-9------blockTests";
				PRODUCT_NAME = "$(TARGET_NAME)";
				TEST_HOST = "$(BUILT_PRODUCTS_DIR)/09-冒泡排序和block.app/09-冒泡排序和block";
			};
			name = Release;
		};
		44546E881BF56F2B005087C6 /* Debug */ = {
			isa = XCBuildConfiguration;
			buildSettings = {
				INFOPLIST_FILE = "09-冒泡排序和blockUITests/Info.plist";
				LD_RUNPATH_SEARCH_PATHS = "$(inherited) @executable_path/Frameworks @loader_path/Frameworks";
				PRODUCT_BUNDLE_IDENTIFIER = "com.damai.cn.-9------blockUITests";
				PRODUCT_NAME = "$(TARGET_NAME)";
				TEST_TARGET_NAME = "09-冒泡排序和block";
				USES_XCTRUNNER = YES;
			};
			name = Debug;
		};
		44546E891BF56F2B005087C6 /* Release */ = {
			isa = XCBuildConfiguration;
			buildSettings = {
				INFOPLIST_FILE = "09-冒泡排序和blockUITests/Info.plist";
				LD_RUNPATH_SEARCH_PATHS = "$(inherited) @executable_path/Frameworks @loader_path/Frameworks";
				PRODUCT_BUNDLE_IDENTIFIER = "com.damai.cn.-9------blockUITests";
				PRODUCT_NAME = "$(TARGET_NAME)";
				TEST_TARGET_NAME = "09-冒泡排序和block";
				USES_XCTRUNNER = YES;
			};
			name = Release;
		};
/* End XCBuildConfiguration section */

/* Begin XCConfigurationList section */
		44546E4F1BF56F2A005087C6 /* Build configuration list for PBXProject "09-冒泡排序和block" */ = {
			isa = XCConfigurationList;
			buildConfigurations = (
				44546E7F1BF56F2B005087C6 /* Debug */,
				44546E801BF56F2B005087C6 /* Release */,
			);
			defaultConfigurationIsVisible = 0;
			defaultConfigurationName = Release;
		};
		44546E811BF56F2B005087C6 /* Build configuration list for PBXNativeTarget "09-冒泡排序和block" */ = {
			isa = XCConfigurationList;
			buildConfigurations = (
				44546E821BF56F2B005087C6 /* Debug */,
				44546E831BF56F2B005087C6 /* Release */,
			);
			defaultConfigurationIsVisible = 0;
		};
		44546E841BF56F2B005087C6 /* Build configuration list for PBXNativeTarget "09-冒泡排序和blockTests" */ = {
			isa = XCConfigurationList;
			buildConfigurations = (
				44546E851BF56F2B005087C6 /* Debug */,
				44546E861BF56F2B005087C6 /* Release */,
			);
			defaultConfigurationIsVisible = 0;
		};
		44546E871BF56F2B005087C6 /* Build configuration list for PBXNativeTarget "09-冒泡排序和blockUITests" */ = {
			isa = XCConfigurationList;
			buildConfigurations = (
				44546E881BF56F2B005087C6 /* Debug */,
				44546E891BF56F2B005087C6 /* Release */,
			);
			defaultConfigurationIsVisible = 0;
		};
/* End XCConfigurationList section */
	};
	rootObject = 44546E4C1BF56F2A005087C6 /* Project object */;
}
