// !$*UTF8*$!
{
	archiveVersion = 1;
	classes = {
	};
	objectVersion = 46;
	objects = {

/* Begin PBXBuildFile section */
		44B9663C1BD866850015FE87 /* AppDelegate.swift in Sources */ = {isa = PBXBuildFile; fileRef = 44B9663B1BD866850015FE87 /* AppDelegate.swift */; };
		44B9663E1BD866850015FE87 /* ViewController.swift in Sources */ = {isa = PBXBuildFile; fileRef = 44B9663D1BD866850015FE87 /* ViewController.swift */; };
		44B966411BD866850015FE87 /* Newfeature.storyboard in Resources */ = {isa = PBXBuildFile; fileRef = 44B9663F1BD866850015FE87 /* Newfeature.storyboard */; };
		44B966431BD866850015FE87 /* Assets.xcassets in Resources */ = {isa = PBXBuildFile; fileRef = 44B966421BD866850015FE87 /* Assets.xcassets */; };
		44B966461BD866850015FE87 /* LaunchScreen.storyboard in Resources */ = {isa = PBXBuildFile; fileRef = 44B966441BD866850015FE87 /* LaunchScreen.storyboard */; };
		44B966511BD866850015FE87 /* Newfeature________Tests.swift in Sources */ = {isa = PBXBuildFile; fileRef = 44B966501BD866850015FE87 /* Newfeature________Tests.swift */; };
		44B9665C1BD866850015FE87 /* Newfeature________UITests.swift in Sources */ = {isa = PBXBuildFile; fileRef = 44B9665B1BD866850015FE87 /* Newfeature________UITests.swift */; };
		44B9666A1BD8672E0015FE87 /* NewfeatureCollectionViewController.swift in Sources */ = {isa = PBXBuildFile; fileRef = 44B966691BD8672E0015FE87 /* NewfeatureCollectionViewController.swift */; settings = {ASSET_TAGS = (); }; };
/* End PBXBuildFile section */

/* Begin PBXContainerItemProxy section */
		44B9664D1BD866850015FE87 /* PBXContainerItemProxy */ = {
			isa = PBXContainerItemProxy;
			containerPortal = 44B966301BD866850015FE87 /* Project object */;
			proxyType = 1;
			remoteGlobalIDString = 44B966371BD866850015FE87;
			remoteInfo = "Newfeature新特性界面的设计";
		};
		44B966581BD866850015FE87 /* PBXContainerItemProxy */ = {
			isa = PBXContainerItemProxy;
			containerPortal = 44B966301BD866850015FE87 /* Project object */;
			proxyType = 1;
			remoteGlobalIDString = 44B966371BD866850015FE87;
			remoteInfo = "Newfeature新特性界面的设计";
		};
/* End PBXContainerItemProxy section */

/* Begin PBXFileReference section */
		44B966381BD866850015FE87 /* Newfeature新特性界面的设计.app */ = {isa = PBXFileReference; explicitFileType = wrapper.application; includeInIndex = 0; path = "Newfeature新特性界面的设计.app"; sourceTree = BUILT_PRODUCTS_DIR; };
		44B9663B1BD866850015FE87 /* AppDelegate.swift */ = {isa = PBXFileReference; lastKnownFileType = sourcecode.swift; path = AppDelegate.swift; sourceTree = "<group>"; };
		44B9663D1BD866850015FE87 /* ViewController.swift */ = {isa = PBXFileReference; lastKnownFileType = sourcecode.swift; path = ViewController.swift; sourceTree = "<group>"; };
		44B966401BD866850015FE87 /* Base */ = {isa = PBXFileReference; lastKnownFileType = file.storyboard; name = Base; path = Base.lproj/Newfeature.storyboard; sourceTree = "<group>"; };
		44B966421BD866850015FE87 /* Assets.xcassets */ = {isa = PBXFileReference; lastKnownFileType = folder.assetcatalog; path = Assets.xcassets; sourceTree = "<group>"; };
		44B966451BD866850015FE87 /* Base */ = {isa = PBXFileReference; lastKnownFileType = file.storyboard; name = Base; path = Base.lproj/LaunchScreen.storyboard; sourceTree = "<group>"; };
		44B966471BD866850015FE87 /* Info.plist */ = {isa = PBXFileReference; lastKnownFileType = text.plist.xml; path = Info.plist; sourceTree = "<group>"; };
		44B9664C1BD866850015FE87 /* Newfeature新特性界面的设计Tests.xctest */ = {isa = PBXFileReference; explicitFileType = wrapper.cfbundle; includeInIndex = 0; path = "Newfeature新特性界面的设计Tests.xctest"; sourceTree = BUILT_PRODUCTS_DIR; };
		44B966501BD866850015FE87 /* Newfeature________Tests.swift */ = {isa = PBXFileReference; lastKnownFileType = sourcecode.swift; path = "Newfeature________Tests.swift"; sourceTree = "<group>"; };
		44B966521BD866850015FE87 /* Info.plist */ = {isa = PBXFileReference; lastKnownFileType = text.plist.xml; path = Info.plist; sourceTree = "<group>"; };
		44B966571BD866850015FE87 /* Newfeature新特性界面的设计UITests.xctest */ = {isa = PBXFileReference; explicitFileType = wrapper.cfbundle; includeInIndex = 0; path = "Newfeature新特性界面的设计UITests.xctest"; sourceTree = BUILT_PRODUCTS_DIR; };
		44B9665B1BD866850015FE87 /* Newfeature________UITests.swift */ = {isa = PBXFileReference; lastKnownFileType = sourcecode.swift; path = "Newfeature________UITests.swift"; sourceTree = "<group>"; };
		44B9665D1BD866850015FE87 /* Info.plist */ = {isa = PBXFileReference; lastKnownFileType = text.plist.xml; path = Info.plist; sourceTree = "<group>"; };
		44B966691BD8672E0015FE87 /* NewfeatureCollectionViewController.swift */ = {isa = PBXFileReference; fileEncoding = 4; lastKnownFileType = sourcecode.swift; path = NewfeatureCollectionViewController.swift; sourceTree = "<group>"; };
/* End PBXFileReference section */

/* Begin PBXFrameworksBuildPhase section */
		44B966351BD866850015FE87 /* Frameworks */ = {
			isa = PBXFrameworksBuildPhase;
			buildActionMask = 2147483647;
			files = (
			);
			runOnlyForDeploymentPostprocessing = 0;
		};
		44B966491BD866850015FE87 /* Frameworks */ = {
			isa = PBXFrameworksBuildPhase;
			buildActionMask = 2147483647;
			files = (
			);
			runOnlyForDeploymentPostprocessing = 0;
		};
		44B966541BD866850015FE87 /* Frameworks */ = {
			isa = PBXFrameworksBuildPhase;
			buildActionMask = 2147483647;
			files = (
			);
			runOnlyForDeploymentPostprocessing = 0;
		};
/* End PBXFrameworksBuildPhase section */

/* Begin PBXGroup section */
		44B9662F1BD866850015FE87 = {
			isa = PBXGroup;
			children = (
				44B9663A1BD866850015FE87 /* Newfeature新特性界面的设计 */,
				44B9664F1BD866850015FE87 /* Newfeature新特性界面的设计Tests */,
				44B9665A1BD866850015FE87 /* Newfeature新特性界面的设计UITests */,
				44B966391BD866850015FE87 /* Products */,
			);
			sourceTree = "<group>";
		};
		44B966391BD866850015FE87 /* Products */ = {
			isa = PBXGroup;
			children = (
				44B966381BD866850015FE87 /* Newfeature新特性界面的设计.app */,
				44B9664C1BD866850015FE87 /* Newfeature新特性界面的设计Tests.xctest */,
				44B966571BD866850015FE87 /* Newfeature新特性界面的设计UITests.xctest */,
			);
			name = Products;
			sourceTree = "<group>";
		};
		44B9663A1BD866850015FE87 /* Newfeature新特性界面的设计 */ = {
			isa = PBXGroup;
			children = (
				44B9663B1BD866850015FE87 /* AppDelegate.swift */,
				44B9663D1BD866850015FE87 /* ViewController.swift */,
				44B9663F1BD866850015FE87 /* Newfeature.storyboard */,
				44B966421BD866850015FE87 /* Assets.xcassets */,
				44B966441BD866850015FE87 /* LaunchScreen.storyboard */,
				44B966471BD866850015FE87 /* Info.plist */,
				44B966691BD8672E0015FE87 /* NewfeatureCollectionViewController.swift */,
			);
			path = "Newfeature新特性界面的设计";
			sourceTree = "<group>";
		};
		44B9664F1BD866850015FE87 /* Newfeature新特性界面的设计Tests */ = {
			isa = PBXGroup;
			children = (
				44B966501BD866850015FE87 /* Newfeature________Tests.swift */,
				44B966521BD866850015FE87 /* Info.plist */,
			);
			path = "Newfeature新特性界面的设计Tests";
			sourceTree = "<group>";
		};
		44B9665A1BD866850015FE87 /* Newfeature新特性界面的设计UITests */ = {
			isa = PBXGroup;
			children = (
				44B9665B1BD866850015FE87 /* Newfeature________UITests.swift */,
				44B9665D1BD866850015FE87 /* Info.plist */,
			);
			path = "Newfeature新特性界面的设计UITests";
			sourceTree = "<group>";
		};
/* End PBXGroup section */

/* Begin PBXNativeTarget section */
		44B966371BD866850015FE87 /* Newfeature新特性界面的设计 */ = {
			isa = PBXNativeTarget;
			buildConfigurationList = 44B966601BD866850015FE87 /* Build configuration list for PBXNativeTarget "Newfeature新特性界面的设计" */;
			buildPhases = (
				44B966341BD866850015FE87 /* Sources */,
				44B966351BD866850015FE87 /* Frameworks */,
				44B966361BD866850015FE87 /* Resources */,
			);
			buildRules = (
			);
			dependencies = (
			);
			name = "Newfeature新特性界面的设计";
			productName = "Newfeature新特性界面的设计";
			productReference = 44B966381BD866850015FE87 /* Newfeature新特性界面的设计.app */;
			productType = "com.apple.product-type.application";
		};
		44B9664B1BD866850015FE87 /* Newfeature新特性界面的设计Tests */ = {
			isa = PBXNativeTarget;
			buildConfigurationList = 44B966631BD866850015FE87 /* Build configuration list for PBXNativeTarget "Newfeature新特性界面的设计Tests" */;
			buildPhases = (
				44B966481BD866850015FE87 /* Sources */,
				44B966491BD866850015FE87 /* Frameworks */,
				44B9664A1BD866850015FE87 /* Resources */,
			);
			buildRules = (
			);
			dependencies = (
				44B9664E1BD866850015FE87 /* PBXTargetDependency */,
			);
			name = "Newfeature新特性界面的设计Tests";
			productName = "Newfeature新特性界面的设计Tests";
			productReference = 44B9664C1BD866850015FE87 /* Newfeature新特性界面的设计Tests.xctest */;
			productType = "com.apple.product-type.bundle.unit-test";
		};
		44B966561BD866850015FE87 /* Newfeature新特性界面的设计UITests */ = {
			isa = PBXNativeTarget;
			buildConfigurationList = 44B966661BD866850015FE87 /* Build configuration list for PBXNativeTarget "Newfeature新特性界面的设计UITests" */;
			buildPhases = (
				44B966531BD866850015FE87 /* Sources */,
				44B966541BD866850015FE87 /* Frameworks */,
				44B966551BD866850015FE87 /* Resources */,
			);
			buildRules = (
			);
			dependencies = (
				44B966591BD866850015FE87 /* PBXTargetDependency */,
			);
			name = "Newfeature新特性界面的设计UITests";
			productName = "Newfeature新特性界面的设计UITests";
			productReference = 44B966571BD866850015FE87 /* Newfeature新特性界面的设计UITests.xctest */;
			productType = "com.apple.product-type.bundle.ui-testing";
		};
/* End PBXNativeTarget section */

/* Begin PBXProject section */
		44B966301BD866850015FE87 /* Project object */ = {
			isa = PBXProject;
			attributes = {
				LastUpgradeCheck = 0700;
				ORGANIZATIONNAME = LJLianXi;
				TargetAttributes = {
					44B966371BD866850015FE87 = {
						CreatedOnToolsVersion = 7.0.1;
					};
					44B9664B1BD866850015FE87 = {
						CreatedOnToolsVersion = 7.0.1;
						TestTargetID = 44B966371BD866850015FE87;
					};
					44B966561BD866850015FE87 = {
						CreatedOnToolsVersion = 7.0.1;
						TestTargetID = 44B966371BD866850015FE87;
					};
				};
			};
			buildConfigurationList = 44B966331BD866850015FE87 /* Build configuration list for PBXProject "Newfeature新特性界面的设计" */;
			compatibilityVersion = "Xcode 3.2";
			developmentRegion = English;
			hasScannedForEncodings = 0;
			knownRegions = (
				en,
				Base,
			);
			mainGroup = 44B9662F1BD866850015FE87;
			productRefGroup = 44B966391BD866850015FE87 /* Products */;
			projectDirPath = "";
			projectRoot = "";
			targets = (
				44B966371BD866850015FE87 /* Newfeature新特性界面的设计 */,
				44B9664B1BD866850015FE87 /* Newfeature新特性界面的设计Tests */,
				44B966561BD866850015FE87 /* Newfeature新特性界面的设计UITests */,
			);
		};
/* End PBXProject section */

/* Begin PBXResourcesBuildPhase section */
		44B966361BD866850015FE87 /* Resources */ = {
			isa = PBXResourcesBuildPhase;
			buildActionMask = 2147483647;
			files = (
				44B966461BD866850015FE87 /* LaunchScreen.storyboard in Resources */,
				44B966431BD866850015FE87 /* Assets.xcassets in Resources */,
				44B966411BD866850015FE87 /* Newfeature.storyboard in Resources */,
			);
			runOnlyForDeploymentPostprocessing = 0;
		};
		44B9664A1BD866850015FE87 /* Resources */ = {
			isa = PBXResourcesBuildPhase;
			buildActionMask = 2147483647;
			files = (
			);
			runOnlyForDeploymentPostprocessing = 0;
		};
		44B966551BD866850015FE87 /* Resources */ = {
			isa = PBXResourcesBuildPhase;
			buildActionMask = 2147483647;
			files = (
			);
			runOnlyForDeploymentPostprocessing = 0;
		};
/* End PBXResourcesBuildPhase section */

/* Begin PBXSourcesBuildPhase section */
		44B966341BD866850015FE87 /* Sources */ = {
			isa = PBXSourcesBuildPhase;
			buildActionMask = 2147483647;
			files = (
				44B9663E1BD866850015FE87 /* ViewController.swift in Sources */,
				44B9663C1BD866850015FE87 /* AppDelegate.swift in Sources */,
				44B9666A1BD8672E0015FE87 /* NewfeatureCollectionViewController.swift in Sources */,
			);
			runOnlyForDeploymentPostprocessing = 0;
		};
		44B966481BD866850015FE87 /* Sources */ = {
			isa = PBXSourcesBuildPhase;
			buildActionMask = 2147483647;
			files = (
				44B966511BD866850015FE87 /* Newfeature________Tests.swift in Sources */,
			);
			runOnlyForDeploymentPostprocessing = 0;
		};
		44B966531BD866850015FE87 /* Sources */ = {
			isa = PBXSourcesBuildPhase;
			buildActionMask = 2147483647;
			files = (
				44B9665C1BD866850015FE87 /* Newfeature________UITests.swift in Sources */,
			);
			runOnlyForDeploymentPostprocessing = 0;
		};
/* End PBXSourcesBuildPhase section */

/* Begin PBXTargetDependency section */
		44B9664E1BD866850015FE87 /* PBXTargetDependency */ = {
			isa = PBXTargetDependency;
			target = 44B966371BD866850015FE87 /* Newfeature新特性界面的设计 */;
			targetProxy = 44B9664D1BD866850015FE87 /* PBXContainerItemProxy */;
		};
		44B966591BD866850015FE87 /* PBXTargetDependency */ = {
			isa = PBXTargetDependency;
			target = 44B966371BD866850015FE87 /* Newfeature新特性界面的设计 */;
			targetProxy = 44B966581BD866850015FE87 /* PBXContainerItemProxy */;
		};
/* End PBXTargetDependency section */

/* Begin PBXVariantGroup section */
		44B9663F1BD866850015FE87 /* Newfeature.storyboard */ = {
			isa = PBXVariantGroup;
			children = (
				44B966401BD866850015FE87 /* Base */,
			);
			name = Newfeature.storyboard;
			sourceTree = "<group>";
		};
		44B966441BD866850015FE87 /* LaunchScreen.storyboard */ = {
			isa = PBXVariantGroup;
			children = (
				44B966451BD866850015FE87 /* Base */,
			);
			name = LaunchScreen.storyboard;
			sourceTree = "<group>";
		};
/* End PBXVariantGroup section */

/* Begin XCBuildConfiguration section */
		44B9665E1BD866850015FE87 /* Debug */ = {
			isa = XCBuildConfiguration;
			buildSettings = {
				ALWAYS_SEARCH_USER_PATHS = NO;
				CLANG_CXX_LANGUAGE_STANDARD = "gnu++0x";
				CLANG_CXX_LIBRARY = "libc++";
				CLANG_ENABLE_MODULES = YES;
				CLANG_ENABLE_OBJC_ARC = YES;
				CLANG_WARN_BOOL_CONVERSION = YES;
				CLANG_WARN_CONSTANT_CONVERSION = YES;
				CLANG_WARN_DIRECT_OBJC_ISA_USAGE = YES_ERROR;
				CLANG_WARN_EMPTY_BODY = YES;
				CLANG_WARN_ENUM_CONVERSION = YES;
				CLANG_WARN_INT_CONVERSION = YES;
				CLANG_WARN_OBJC_ROOT_CLASS = YES_ERROR;
				CLANG_WARN_UNREACHABLE_CODE = YES;
				CLANG_WARN__DUPLICATE_METHOD_MATCH = YES;
				"CODE_SIGN_IDENTITY[sdk=iphoneos*]" = "iPhone Developer";
				COPY_PHASE_STRIP = NO;
				DEBUG_INFORMATION_FORMAT = dwarf;
				ENABLE_STRICT_OBJC_MSGSEND = YES;
				ENABLE_TESTABILITY = YES;
				GCC_C_LANGUAGE_STANDARD = gnu99;
				GCC_DYNAMIC_NO_PIC = NO;
				GCC_NO_COMMON_BLOCKS = YES;
				GCC_OPTIMIZATION_LEVEL = 0;
				GCC_PREPROCESSOR_DEFINITIONS = (
					"DEBUG=1",
					"$(inherited)",
				);
				GCC_WARN_64_TO_32_BIT_CONVERSION = YES;
				GCC_WARN_ABOUT_RETURN_TYPE = YES_ERROR;
				GCC_WARN_UNDECLARED_SELECTOR = YES;
				GCC_WARN_UNINITIALIZED_AUTOS = YES_AGGRESSIVE;
				GCC_WARN_UNUSED_FUNCTION = YES;
				GCC_WARN_UNUSED_VARIABLE = YES;
				IPHONEOS_DEPLOYMENT_TARGET = 9.0;
				MTL_ENABLE_DEBUG_INFO = YES;
				ONLY_ACTIVE_ARCH = YES;
				SDKROOT = iphoneos;
				SWIFT_OPTIMIZATION_LEVEL = "-Onone";
			};
			name = Debug;
		};
		44B9665F1BD866850015FE87 /* Release */ = {
			isa = XCBuildConfiguration;
			buildSettings = {
				ALWAYS_SEARCH_USER_PATHS = NO;
				CLANG_CXX_LANGUAGE_STANDARD = "gnu++0x";
				CLANG_CXX_LIBRARY = "libc++";
				CLANG_ENABLE_MODULES = YES;
				CLANG_ENABLE_OBJC_ARC = YES;
				CLANG_WARN_BOOL_CONVERSION = YES;
				CLANG_WARN_CONSTANT_CONVERSION = YES;
				CLANG_WARN_DIRECT_OBJC_ISA_USAGE = YES_ERROR;
				CLANG_WARN_EMPTY_BODY = YES;
				CLANG_WARN_ENUM_CONVERSION = YES;
				CLANG_WARN_INT_CONVERSION = YES;
				CLANG_WARN_OBJC_ROOT_CLASS = YES_ERROR;
				CLANG_WARN_UNREACHABLE_CODE = YES;
				CLANG_WARN__DUPLICATE_METHOD_MATCH = YES;
				"CODE_SIGN_IDENTITY[sdk=iphoneos*]" = "iPhone Developer";
				COPY_PHASE_STRIP = NO;
				DEBUG_INFORMATION_FORMAT = "dwarf-with-dsym";
				ENABLE_NS_ASSERTIONS = NO;
				ENABLE_STRICT_OBJC_MSGSEND = YES;
				GCC_C_LANGUAGE_STANDARD = gnu99;
				GCC_NO_COMMON_BLOCKS = YES;
				GCC_WARN_64_TO_32_BIT_CONVERSION = YES;
				GCC_WARN_ABOUT_RETURN_TYPE = YES_ERROR;
				GCC_WARN_UNDECLARED_SELECTOR = YES;
				GCC_WARN_UNINITIALIZED_AUTOS = YES_AGGRESSIVE;
				GCC_WARN_UNUSED_FUNCTION = YES;
				GCC_WARN_UNUSED_VARIABLE = YES;
				IPHONEOS_DEPLOYMENT_TARGET = 9.0;
				MTL_ENABLE_DEBUG_INFO = NO;
				SDKROOT = iphoneos;
				VALIDATE_PRODUCT = YES;
			};
			name = Release;
		};
		44B966611BD866850015FE87 /* Debug */ = {
			isa = XCBuildConfiguration;
			buildSettings = {
				ASSETCATALOG_COMPILER_APPICON_NAME = AppIcon;
				INFOPLIST_FILE = "Newfeature新特性界面的设计/Info.plist";
				LD_RUNPATH_SEARCH_PATHS = "$(inherited) @executable_path/Frameworks";
				PRODUCT_BUNDLE_IDENTIFIER = "io.com.damai.Newfeature--------";
				PRODUCT_NAME = "$(TARGET_NAME)";
			};
			name = Debug;
		};
		44B966621BD866850015FE87 /* Release */ = {
			isa = XCBuildConfiguration;
			buildSettings = {
				ASSETCATALOG_COMPILER_APPICON_NAME = AppIcon;
				INFOPLIST_FILE = "Newfeature新特性界面的设计/Info.plist";
				LD_RUNPATH_SEARCH_PATHS = "$(inherited) @executable_path/Frameworks";
				PRODUCT_BUNDLE_IDENTIFIER = "io.com.damai.Newfeature--------";
				PRODUCT_NAME = "$(TARGET_NAME)";
			};
			name = Release;
		};
		44B966641BD866850015FE87 /* Debug */ = {
			isa = XCBuildConfiguration;
			buildSettings = {
				BUNDLE_LOADER = "$(TEST_HOST)";
				INFOPLIST_FILE = "Newfeature新特性界面的设计Tests/Info.plist";
				LD_RUNPATH_SEARCH_PATHS = "$(inherited) @executable_path/Frameworks @loader_path/Frameworks";
				PRODUCT_BUNDLE_IDENTIFIER = "io.com.damai.Newfeature--------Tests";
				PRODUCT_NAME = "$(TARGET_NAME)";
				TEST_HOST = "$(BUILT_PRODUCTS_DIR)/Newfeature新特性界面的设计.app/Newfeature新特性界面的设计";
			};
			name = Debug;
		};
		44B966651BD866850015FE87 /* Release */ = {
			isa = XCBuildConfiguration;
			buildSettings = {
				BUNDLE_LOADER = "$(TEST_HOST)";
				INFOPLIST_FILE = "Newfeature新特性界面的设计Tests/Info.plist";
				LD_RUNPATH_SEARCH_PATHS = "$(inherited) @executable_path/Frameworks @loader_path/Frameworks";
				PRODUCT_BUNDLE_IDENTIFIER = "io.com.damai.Newfeature--------Tests";
				PRODUCT_NAME = "$(TARGET_NAME)";
				TEST_HOST = "$(BUILT_PRODUCTS_DIR)/Newfeature新特性界面的设计.app/Newfeature新特性界面的设计";
			};
			name = Release;
		};
		44B966671BD866850015FE87 /* Debug */ = {
			isa = XCBuildConfiguration;
			buildSettings = {
				INFOPLIST_FILE = "Newfeature新特性界面的设计UITests/Info.plist";
				LD_RUNPATH_SEARCH_PATHS = "$(inherited) @executable_path/Frameworks @loader_path/Frameworks";
				PRODUCT_BUNDLE_IDENTIFIER = "io.com.damai.Newfeature--------UITests";
				PRODUCT_NAME = "$(TARGET_NAME)";
				TEST_TARGET_NAME = "Newfeature新特性界面的设计";
				USES_XCTRUNNER = YES;
			};
			name = Debug;
		};
		44B966681BD866850015FE87 /* Release */ = {
			isa = XCBuildConfiguration;
			buildSettings = {
				INFOPLIST_FILE = "Newfeature新特性界面的设计UITests/Info.plist";
				LD_RUNPATH_SEARCH_PATHS = "$(inherited) @executable_path/Frameworks @loader_path/Frameworks";
				PRODUCT_BUNDLE_IDENTIFIER = "io.com.damai.Newfeature--------UITests";
				PRODUCT_NAME = "$(TARGET_NAME)";
				TEST_TARGET_NAME = "Newfeature新特性界面的设计";
				USES_XCTRUNNER = YES;
			};
			name = Release;
		};
/* End XCBuildConfiguration section */

/* Begin XCConfigurationList section */
		44B966331BD866850015FE87 /* Build configuration list for PBXProject "Newfeature新特性界面的设计" */ = {
			isa = XCConfigurationList;
			buildConfigurations = (
				44B9665E1BD866850015FE87 /* Debug */,
				44B9665F1BD866850015FE87 /* Release */,
			);
			defaultConfigurationIsVisible = 0;
			defaultConfigurationName = Release;
		};
		44B966601BD866850015FE87 /* Build configuration list for PBXNativeTarget "Newfeature新特性界面的设计" */ = {
			isa = XCConfigurationList;
			buildConfigurations = (
				44B966611BD866850015FE87 /* Debug */,
				44B966621BD866850015FE87 /* Release */,
			);
			defaultConfigurationIsVisible = 0;
		};
		44B966631BD866850015FE87 /* Build configuration list for PBXNativeTarget "Newfeature新特性界面的设计Tests" */ = {
			isa = XCConfigurationList;
			buildConfigurations = (
				44B966641BD866850015FE87 /* Debug */,
				44B966651BD866850015FE87 /* Release */,
			);
			defaultConfigurationIsVisible = 0;
		};
		44B966661BD866850015FE87 /* Build configuration list for PBXNativeTarget "Newfeature新特性界面的设计UITests" */ = {
			isa = XCConfigurationList;
			buildConfigurations = (
				44B966671BD866850015FE87 /* Debug */,
				44B966681BD866850015FE87 /* Release */,
			);
			defaultConfigurationIsVisible = 0;
		};
/* End XCConfigurationList section */
	};
	rootObject = 44B966301BD866850015FE87 /* Project object */;
}
