// !$*UTF8*$!
{
	archiveVersion = 1;
	classes = {
	};
	objectVersion = 46;
	objects = {

/* Begin PBXBuildFile section */
		4485894F1BF632430030091D /* main.m in Sources */ = {isa = PBXBuildFile; fileRef = 4485894E1BF632430030091D /* main.m */; };
		448589521BF632430030091D /* AppDelegate.m in Sources */ = {isa = PBXBuildFile; fileRef = 448589511BF632430030091D /* AppDelegate.m */; };
		448589551BF632430030091D /* ViewController.m in Sources */ = {isa = PBXBuildFile; fileRef = 448589541BF632430030091D /* ViewController.m */; };
		448589581BF632430030091D /* Main.storyboard in Resources */ = {isa = PBXBuildFile; fileRef = 448589561BF632430030091D /* Main.storyboard */; };
		4485895A1BF632430030091D /* Assets.xcassets in Resources */ = {isa = PBXBuildFile; fileRef = 448589591BF632430030091D /* Assets.xcassets */; };
		4485895D1BF632430030091D /* LaunchScreen.storyboard in Resources */ = {isa = PBXBuildFile; fileRef = 4485895B1BF632430030091D /* LaunchScreen.storyboard */; };
		448589681BF632430030091D /* ____Tests.m in Sources */ = {isa = PBXBuildFile; fileRef = 448589671BF632430030091D /* ____Tests.m */; };
		448589731BF632430030091D /* ____UITests.m in Sources */ = {isa = PBXBuildFile; fileRef = 448589721BF632430030091D /* ____UITests.m */; };
/* End PBXBuildFile section */

/* Begin PBXContainerItemProxy section */
		448589641BF632430030091D /* PBXContainerItemProxy */ = {
			isa = PBXContainerItemProxy;
			containerPortal = 448589421BF632430030091D /* Project object */;
			proxyType = 1;
			remoteGlobalIDString = 448589491BF632430030091D;
			remoteInfo = "冒泡排序";
		};
		4485896F1BF632430030091D /* PBXContainerItemProxy */ = {
			isa = PBXContainerItemProxy;
			containerPortal = 448589421BF632430030091D /* Project object */;
			proxyType = 1;
			remoteGlobalIDString = 448589491BF632430030091D;
			remoteInfo = "冒泡排序";
		};
/* End PBXContainerItemProxy section */

/* Begin PBXFileReference section */
		4485894A1BF632430030091D /* 冒泡排序.app */ = {isa = PBXFileReference; explicitFileType = wrapper.application; includeInIndex = 0; path = "冒泡排序.app"; sourceTree = BUILT_PRODUCTS_DIR; };
		4485894E1BF632430030091D /* main.m */ = {isa = PBXFileReference; lastKnownFileType = sourcecode.c.objc; path = main.m; sourceTree = "<group>"; };
		448589501BF632430030091D /* AppDelegate.h */ = {isa = PBXFileReference; lastKnownFileType = sourcecode.c.h; path = AppDelegate.h; sourceTree = "<group>"; };
		448589511BF632430030091D /* AppDelegate.m */ = {isa = PBXFileReference; lastKnownFileType = sourcecode.c.objc; path = AppDelegate.m; sourceTree = "<group>"; };
		448589531BF632430030091D /* ViewController.h */ = {isa = PBXFileReference; lastKnownFileType = sourcecode.c.h; path = ViewController.h; sourceTree = "<group>"; };
		448589541BF632430030091D /* ViewController.m */ = {isa = PBXFileReference; lastKnownFileType = sourcecode.c.objc; path = ViewController.m; sourceTree = "<group>"; };
		448589571BF632430030091D /* Base */ = {isa = PBXFileReference; lastKnownFileType = file.storyboard; name = Base; path = Base.lproj/Main.storyboard; sourceTree = "<group>"; };
		448589591BF632430030091D /* Assets.xcassets */ = {isa = PBXFileReference; lastKnownFileType = folder.assetcatalog; path = Assets.xcassets; sourceTree = "<group>"; };
		4485895C1BF632430030091D /* Base */ = {isa = PBXFileReference; lastKnownFileType = file.storyboard; name = Base; path = Base.lproj/LaunchScreen.storyboard; sourceTree = "<group>"; };
		4485895E1BF632430030091D /* Info.plist */ = {isa = PBXFileReference; lastKnownFileType = text.plist.xml; path = Info.plist; sourceTree = "<group>"; };
		448589631BF632430030091D /* 冒泡排序Tests.xctest */ = {isa = PBXFileReference; explicitFileType = wrapper.cfbundle; includeInIndex = 0; path = "冒泡排序Tests.xctest"; sourceTree = BUILT_PRODUCTS_DIR; };
		448589671BF632430030091D /* ____Tests.m */ = {isa = PBXFileReference; lastKnownFileType = sourcecode.c.objc; path = "____Tests.m"; sourceTree = "<group>"; };
		448589691BF632430030091D /* Info.plist */ = {isa = PBXFileReference; lastKnownFileType = text.plist.xml; path = Info.plist; sourceTree = "<group>"; };
		4485896E1BF632430030091D /* 冒泡排序UITests.xctest */ = {isa = PBXFileReference; explicitFileType = wrapper.cfbundle; includeInIndex = 0; path = "冒泡排序UITests.xctest"; sourceTree = BUILT_PRODUCTS_DIR; };
		448589721BF632430030091D /* ____UITests.m */ = {isa = PBXFileReference; lastKnownFileType = sourcecode.c.objc; path = "____UITests.m"; sourceTree = "<group>"; };
		448589741BF632430030091D /* Info.plist */ = {isa = PBXFileReference; lastKnownFileType = text.plist.xml; path = Info.plist; sourceTree = "<group>"; };
/* End PBXFileReference section */

/* Begin PBXFrameworksBuildPhase section */
		448589471BF632430030091D /* Frameworks */ = {
			isa = PBXFrameworksBuildPhase;
			buildActionMask = 2147483647;
			files = (
			);
			runOnlyForDeploymentPostprocessing = 0;
		};
		448589601BF632430030091D /* Frameworks */ = {
			isa = PBXFrameworksBuildPhase;
			buildActionMask = 2147483647;
			files = (
			);
			runOnlyForDeploymentPostprocessing = 0;
		};
		4485896B1BF632430030091D /* Frameworks */ = {
			isa = PBXFrameworksBuildPhase;
			buildActionMask = 2147483647;
			files = (
			);
			runOnlyForDeploymentPostprocessing = 0;
		};
/* End PBXFrameworksBuildPhase section */

/* Begin PBXGroup section */
		448589411BF632430030091D = {
			isa = PBXGroup;
			children = (
				4485894C1BF632430030091D /* 冒泡排序 */,
				448589661BF632430030091D /* 冒泡排序Tests */,
				448589711BF632430030091D /* 冒泡排序UITests */,
				4485894B1BF632430030091D /* Products */,
			);
			sourceTree = "<group>";
		};
		4485894B1BF632430030091D /* Products */ = {
			isa = PBXGroup;
			children = (
				4485894A1BF632430030091D /* 冒泡排序.app */,
				448589631BF632430030091D /* 冒泡排序Tests.xctest */,
				4485896E1BF632430030091D /* 冒泡排序UITests.xctest */,
			);
			name = Products;
			sourceTree = "<group>";
		};
		4485894C1BF632430030091D /* 冒泡排序 */ = {
			isa = PBXGroup;
			children = (
				448589501BF632430030091D /* AppDelegate.h */,
				448589511BF632430030091D /* AppDelegate.m */,
				448589531BF632430030091D /* ViewController.h */,
				448589541BF632430030091D /* ViewController.m */,
				448589561BF632430030091D /* Main.storyboard */,
				448589591BF632430030091D /* Assets.xcassets */,
				4485895B1BF632430030091D /* LaunchScreen.storyboard */,
				4485895E1BF632430030091D /* Info.plist */,
				4485894D1BF632430030091D /* Supporting Files */,
			);
			path = "冒泡排序";
			sourceTree = "<group>";
		};
		4485894D1BF632430030091D /* Supporting Files */ = {
			isa = PBXGroup;
			children = (
				4485894E1BF632430030091D /* main.m */,
			);
			name = "Supporting Files";
			sourceTree = "<group>";
		};
		448589661BF632430030091D /* 冒泡排序Tests */ = {
			isa = PBXGroup;
			children = (
				448589671BF632430030091D /* ____Tests.m */,
				448589691BF632430030091D /* Info.plist */,
			);
			path = "冒泡排序Tests";
			sourceTree = "<group>";
		};
		448589711BF632430030091D /* 冒泡排序UITests */ = {
			isa = PBXGroup;
			children = (
				448589721BF632430030091D /* ____UITests.m */,
				448589741BF632430030091D /* Info.plist */,
			);
			path = "冒泡排序UITests";
			sourceTree = "<group>";
		};
/* End PBXGroup section */

/* Begin PBXNativeTarget section */
		448589491BF632430030091D /* 冒泡排序 */ = {
			isa = PBXNativeTarget;
			buildConfigurationList = 448589771BF632430030091D /* Build configuration list for PBXNativeTarget "冒泡排序" */;
			buildPhases = (
				448589461BF632430030091D /* Sources */,
				448589471BF632430030091D /* Frameworks */,
				448589481BF632430030091D /* Resources */,
			);
			buildRules = (
			);
			dependencies = (
			);
			name = "冒泡排序";
			productName = "冒泡排序";
			productReference = 4485894A1BF632430030091D /* 冒泡排序.app */;
			productType = "com.apple.product-type.application";
		};
		448589621BF632430030091D /* 冒泡排序Tests */ = {
			isa = PBXNativeTarget;
			buildConfigurationList = 4485897A1BF632430030091D /* Build configuration list for PBXNativeTarget "冒泡排序Tests" */;
			buildPhases = (
				4485895F1BF632430030091D /* Sources */,
				448589601BF632430030091D /* Frameworks */,
				448589611BF632430030091D /* Resources */,
			);
			buildRules = (
			);
			dependencies = (
				448589651BF632430030091D /* PBXTargetDependency */,
			);
			name = "冒泡排序Tests";
			productName = "冒泡排序Tests";
			productReference = 448589631BF632430030091D /* 冒泡排序Tests.xctest */;
			productType = "com.apple.product-type.bundle.unit-test";
		};
		4485896D1BF632430030091D /* 冒泡排序UITests */ = {
			isa = PBXNativeTarget;
			buildConfigurationList = 4485897D1BF632430030091D /* Build configuration list for PBXNativeTarget "冒泡排序UITests" */;
			buildPhases = (
				4485896A1BF632430030091D /* Sources */,
				4485896B1BF632430030091D /* Frameworks */,
				4485896C1BF632430030091D /* Resources */,
			);
			buildRules = (
			);
			dependencies = (
				448589701BF632430030091D /* PBXTargetDependency */,
			);
			name = "冒泡排序UITests";
			productName = "冒泡排序UITests";
			productReference = 4485896E1BF632430030091D /* 冒泡排序UITests.xctest */;
			productType = "com.apple.product-type.bundle.ui-testing";
		};
/* End PBXNativeTarget section */

/* Begin PBXProject section */
		448589421BF632430030091D /* Project object */ = {
			isa = PBXProject;
			attributes = {
				LastUpgradeCheck = 0700;
				ORGANIZATIONNAME = "高李军";
				TargetAttributes = {
					448589491BF632430030091D = {
						CreatedOnToolsVersion = 7.0.1;
					};
					448589621BF632430030091D = {
						CreatedOnToolsVersion = 7.0.1;
						TestTargetID = 448589491BF632430030091D;
					};
					4485896D1BF632430030091D = {
						CreatedOnToolsVersion = 7.0.1;
						TestTargetID = 448589491BF632430030091D;
					};
				};
			};
			buildConfigurationList = 448589451BF632430030091D /* Build configuration list for PBXProject "冒泡排序" */;
			compatibilityVersion = "Xcode 3.2";
			developmentRegion = English;
			hasScannedForEncodings = 0;
			knownRegions = (
				en,
				Base,
			);
			mainGroup = 448589411BF632430030091D;
			productRefGroup = 4485894B1BF632430030091D /* Products */;
			projectDirPath = "";
			projectRoot = "";
			targets = (
				448589491BF632430030091D /* 冒泡排序 */,
				448589621BF632430030091D /* 冒泡排序Tests */,
				4485896D1BF632430030091D /* 冒泡排序UITests */,
			);
		};
/* End PBXProject section */

/* Begin PBXResourcesBuildPhase section */
		448589481BF632430030091D /* Resources */ = {
			isa = PBXResourcesBuildPhase;
			buildActionMask = 2147483647;
			files = (
				4485895D1BF632430030091D /* LaunchScreen.storyboard in Resources */,
				4485895A1BF632430030091D /* Assets.xcassets in Resources */,
				448589581BF632430030091D /* Main.storyboard in Resources */,
			);
			runOnlyForDeploymentPostprocessing = 0;
		};
		448589611BF632430030091D /* Resources */ = {
			isa = PBXResourcesBuildPhase;
			buildActionMask = 2147483647;
			files = (
			);
			runOnlyForDeploymentPostprocessing = 0;
		};
		4485896C1BF632430030091D /* Resources */ = {
			isa = PBXResourcesBuildPhase;
			buildActionMask = 2147483647;
			files = (
			);
			runOnlyForDeploymentPostprocessing = 0;
		};
/* End PBXResourcesBuildPhase section */

/* Begin PBXSourcesBuildPhase section */
		448589461BF632430030091D /* Sources */ = {
			isa = PBXSourcesBuildPhase;
			buildActionMask = 2147483647;
			files = (
				448589551BF632430030091D /* ViewController.m in Sources */,
				448589521BF632430030091D /* AppDelegate.m in Sources */,
				4485894F1BF632430030091D /* main.m in Sources */,
			);
			runOnlyForDeploymentPostprocessing = 0;
		};
		4485895F1BF632430030091D /* Sources */ = {
			isa = PBXSourcesBuildPhase;
			buildActionMask = 2147483647;
			files = (
				448589681BF632430030091D /* ____Tests.m in Sources */,
			);
			runOnlyForDeploymentPostprocessing = 0;
		};
		4485896A1BF632430030091D /* Sources */ = {
			isa = PBXSourcesBuildPhase;
			buildActionMask = 2147483647;
			files = (
				448589731BF632430030091D /* ____UITests.m in Sources */,
			);
			runOnlyForDeploymentPostprocessing = 0;
		};
/* End PBXSourcesBuildPhase section */

/* Begin PBXTargetDependency section */
		448589651BF632430030091D /* PBXTargetDependency */ = {
			isa = PBXTargetDependency;
			target = 448589491BF632430030091D /* 冒泡排序 */;
			targetProxy = 448589641BF632430030091D /* PBXContainerItemProxy */;
		};
		448589701BF632430030091D /* PBXTargetDependency */ = {
			isa = PBXTargetDependency;
			target = 448589491BF632430030091D /* 冒泡排序 */;
			targetProxy = 4485896F1BF632430030091D /* PBXContainerItemProxy */;
		};
/* End PBXTargetDependency section */

/* Begin PBXVariantGroup section */
		448589561BF632430030091D /* Main.storyboard */ = {
			isa = PBXVariantGroup;
			children = (
				448589571BF632430030091D /* Base */,
			);
			name = Main.storyboard;
			sourceTree = "<group>";
		};
		4485895B1BF632430030091D /* LaunchScreen.storyboard */ = {
			isa = PBXVariantGroup;
			children = (
				4485895C1BF632430030091D /* Base */,
			);
			name = LaunchScreen.storyboard;
			sourceTree = "<group>";
		};
/* End PBXVariantGroup section */

/* Begin XCBuildConfiguration section */
		448589751BF632430030091D /* Debug */ = {
			isa = XCBuildConfiguration;
			buildSettings = {
				ALWAYS_SEARCH_USER_PATHS = NO;
				CLANG_CXX_LANGUAGE_STANDARD = "gnu++0x";
				CLANG_CXX_LIBRARY = "libc++";
				CLANG_ENABLE_MODULES = YES;
				CLANG_ENABLE_OBJC_ARC = YES;
				CLANG_WARN_BOOL_CONVERSION = YES;
				CLANG_WARN_CONSTANT_CONVERSION = YES;
				CLANG_WARN_DIRECT_OBJC_ISA_USAGE = YES_ERROR;
				CLANG_WARN_EMPTY_BODY = YES;
				CLANG_WARN_ENUM_CONVERSION = YES;
				CLANG_WARN_INT_CONVERSION = YES;
				CLANG_WARN_OBJC_ROOT_CLASS = YES_ERROR;
				CLANG_WARN_UNREACHABLE_CODE = YES;
				CLANG_WARN__DUPLICATE_METHOD_MATCH = YES;
				"CODE_SIGN_IDENTITY[sdk=iphoneos*]" = "iPhone Developer";
				COPY_PHASE_STRIP = NO;
				DEBUG_INFORMATION_FORMAT = dwarf;
				ENABLE_STRICT_OBJC_MSGSEND = YES;
				ENABLE_TESTABILITY = YES;
				GCC_C_LANGUAGE_STANDARD = gnu99;
				GCC_DYNAMIC_NO_PIC = NO;
				GCC_NO_COMMON_BLOCKS = YES;
				GCC_OPTIMIZATION_LEVEL = 0;
				GCC_PREPROCESSOR_DEFINITIONS = (
					"DEBUG=1",
					"$(inherited)",
				);
				GCC_WARN_64_TO_32_BIT_CONVERSION = YES;
				GCC_WARN_ABOUT_RETURN_TYPE = YES_ERROR;
				GCC_WARN_UNDECLARED_SELECTOR = YES;
				GCC_WARN_UNINITIALIZED_AUTOS = YES_AGGRESSIVE;
				GCC_WARN_UNUSED_FUNCTION = YES;
				GCC_WARN_UNUSED_VARIABLE = YES;
				IPHONEOS_DEPLOYMENT_TARGET = 9.0;
				MTL_ENABLE_DEBUG_INFO = YES;
				ONLY_ACTIVE_ARCH = YES;
				SDKROOT = iphoneos;
			};
			name = Debug;
		};
		448589761BF632430030091D /* Release */ = {
			isa = XCBuildConfiguration;
			buildSettings = {
				ALWAYS_SEARCH_USER_PATHS = NO;
				CLANG_CXX_LANGUAGE_STANDARD = "gnu++0x";
				CLANG_CXX_LIBRARY = "libc++";
				CLANG_ENABLE_MODULES = YES;
				CLANG_ENABLE_OBJC_ARC = YES;
				CLANG_WARN_BOOL_CONVERSION = YES;
				CLANG_WARN_CONSTANT_CONVERSION = YES;
				CLANG_WARN_DIRECT_OBJC_ISA_USAGE = YES_ERROR;
				CLANG_WARN_EMPTY_BODY = YES;
				CLANG_WARN_ENUM_CONVERSION = YES;
				CLANG_WARN_INT_CONVERSION = YES;
				CLANG_WARN_OBJC_ROOT_CLASS = YES_ERROR;
				CLANG_WARN_UNREACHABLE_CODE = YES;
				CLANG_WARN__DUPLICATE_METHOD_MATCH = YES;
				"CODE_SIGN_IDENTITY[sdk=iphoneos*]" = "iPhone Developer";
				COPY_PHASE_STRIP = NO;
				DEBUG_INFORMATION_FORMAT = "dwarf-with-dsym";
				ENABLE_NS_ASSERTIONS = NO;
				ENABLE_STRICT_OBJC_MSGSEND = YES;
				GCC_C_LANGUAGE_STANDARD = gnu99;
				GCC_NO_COMMON_BLOCKS = YES;
				GCC_WARN_64_TO_32_BIT_CONVERSION = YES;
				GCC_WARN_ABOUT_RETURN_TYPE = YES_ERROR;
				GCC_WARN_UNDECLARED_SELECTOR = YES;
				GCC_WARN_UNINITIALIZED_AUTOS = YES_AGGRESSIVE;
				GCC_WARN_UNUSED_FUNCTION = YES;
				GCC_WARN_UNUSED_VARIABLE = YES;
				IPHONEOS_DEPLOYMENT_TARGET = 9.0;
				MTL_ENABLE_DEBUG_INFO = NO;
				SDKROOT = iphoneos;
				VALIDATE_PRODUCT = YES;
			};
			name = Release;
		};
		448589781BF632430030091D /* Debug */ = {
			isa = XCBuildConfiguration;
			buildSettings = {
				ASSETCATALOG_COMPILER_APPICON_NAME = AppIcon;
				INFOPLIST_FILE = "冒泡排序/Info.plist";
				LD_RUNPATH_SEARCH_PATHS = "$(inherited) @executable_path/Frameworks";
				PRODUCT_BUNDLE_IDENTIFIER = "com.damai.cn.----";
				PRODUCT_NAME = "$(TARGET_NAME)";
			};
			name = Debug;
		};
		448589791BF632430030091D /* Release */ = {
			isa = XCBuildConfiguration;
			buildSettings = {
				ASSETCATALOG_COMPILER_APPICON_NAME = AppIcon;
				INFOPLIST_FILE = "冒泡排序/Info.plist";
				LD_RUNPATH_SEARCH_PATHS = "$(inherited) @executable_path/Frameworks";
				PRODUCT_BUNDLE_IDENTIFIER = "com.damai.cn.----";
				PRODUCT_NAME = "$(TARGET_NAME)";
			};
			name = Release;
		};
		4485897B1BF632430030091D /* Debug */ = {
			isa = XCBuildConfiguration;
			buildSettings = {
				BUNDLE_LOADER = "$(TEST_HOST)";
				INFOPLIST_FILE = "冒泡排序Tests/Info.plist";
				LD_RUNPATH_SEARCH_PATHS = "$(inherited) @executable_path/Frameworks @loader_path/Frameworks";
				PRODUCT_BUNDLE_IDENTIFIER = "com.damai.cn.----Tests";
				PRODUCT_NAME = "$(TARGET_NAME)";
				TEST_HOST = "$(BUILT_PRODUCTS_DIR)/冒泡排序.app/冒泡排序";
			};
			name = Debug;
		};
		4485897C1BF632430030091D /* Release */ = {
			isa = XCBuildConfiguration;
			buildSettings = {
				BUNDLE_LOADER = "$(TEST_HOST)";
				INFOPLIST_FILE = "冒泡排序Tests/Info.plist";
				LD_RUNPATH_SEARCH_PATHS = "$(inherited) @executable_path/Frameworks @loader_path/Frameworks";
				PRODUCT_BUNDLE_IDENTIFIER = "com.damai.cn.----Tests";
				PRODUCT_NAME = "$(TARGET_NAME)";
				TEST_HOST = "$(BUILT_PRODUCTS_DIR)/冒泡排序.app/冒泡排序";
			};
			name = Release;
		};
		4485897E1BF632430030091D /* Debug */ = {
			isa = XCBuildConfiguration;
			buildSettings = {
				INFOPLIST_FILE = "冒泡排序UITests/Info.plist";
				LD_RUNPATH_SEARCH_PATHS = "$(inherited) @executable_path/Frameworks @loader_path/Frameworks";
				PRODUCT_BUNDLE_IDENTIFIER = "com.damai.cn.----UITests";
				PRODUCT_NAME = "$(TARGET_NAME)";
				TEST_TARGET_NAME = "冒泡排序";
				USES_XCTRUNNER = YES;
			};
			name = Debug;
		};
		4485897F1BF632430030091D /* Release */ = {
			isa = XCBuildConfiguration;
			buildSettings = {
				INFOPLIST_FILE = "冒泡排序UITests/Info.plist";
				LD_RUNPATH_SEARCH_PATHS = "$(inherited) @executable_path/Frameworks @loader_path/Frameworks";
				PRODUCT_BUNDLE_IDENTIFIER = "com.damai.cn.----UITests";
				PRODUCT_NAME = "$(TARGET_NAME)";
				TEST_TARGET_NAME = "冒泡排序";
				USES_XCTRUNNER = YES;
			};
			name = Release;
		};
/* End XCBuildConfiguration section */

/* Begin XCConfigurationList section */
		448589451BF632430030091D /* Build configuration list for PBXProject "冒泡排序" */ = {
			isa = XCConfigurationList;
			buildConfigurations = (
				448589751BF632430030091D /* Debug */,
				448589761BF632430030091D /* Release */,
			);
			defaultConfigurationIsVisible = 0;
			defaultConfigurationName = Release;
		};
		448589771BF632430030091D /* Build configuration list for PBXNativeTarget "冒泡排序" */ = {
			isa = XCConfigurationList;
			buildConfigurations = (
				448589781BF632430030091D /* Debug */,
				448589791BF632430030091D /* Release */,
			);
			defaultConfigurationIsVisible = 0;
		};
		4485897A1BF632430030091D /* Build configuration list for PBXNativeTarget "冒泡排序Tests" */ = {
			isa = XCConfigurationList;
			buildConfigurations = (
				4485897B1BF632430030091D /* Debug */,
				4485897C1BF632430030091D /* Release */,
			);
			defaultConfigurationIsVisible = 0;
		};
		4485897D1BF632430030091D /* Build configuration list for PBXNativeTarget "冒泡排序UITests" */ = {
			isa = XCConfigurationList;
			buildConfigurations = (
				4485897E1BF632430030091D /* Debug */,
				4485897F1BF632430030091D /* Release */,
			);
			defaultConfigurationIsVisible = 0;
		};
/* End XCConfigurationList section */
	};
	rootObject = 448589421BF632430030091D /* Project object */;
}
